
Microsoft Visual Studio Solution File, Format Version 12.00
# Visual Studio Version 16
VisualStudioVersion = 16.0.30907.101
MinimumVisualStudioVersion = 10.0.40219.1
Project("{FAE04EC0-301F-11D3-BF4B-00C04F79EFBC}") = "NewtonMethod", "NewtonMethod\NewtonMethod.csproj", "{C98BB1DC-CC2A-432B-9569-1B29D456E4D6}"
EndProject
Global
	GlobalSection(SolutionConfigurationPlatforms) = preSolution
		Debug|Any CPU = Debug|Any CPU
		Release|Any CPU = Release|Any CPU
	EndGlobalSection
	GlobalSection(ProjectConfigurationPlatforms) = postSolution
		{C98BB1DC-CC2A-432B-9569-1B29D456E4D6}.Debug|Any CPU.ActiveCfg = Debug|Any CPU
		{C98BB1DC-CC2A-432B-9569-1B29D456E4D6}.Debug|Any CPU.Build.0 = Debug|Any CPU
		{C98BB1DC-CC2A-432B-9569-1B29D456E4D6}.Release|Any CPU.ActiveCfg = Release|Any CPU
		{C98BB1DC-CC2A-432B-9569-1B29D456E4D6}.Release|Any CPU.Build.0 = Release|Any CPU
	EndGlobalSection
	GlobalSection(SolutionProperties) = preSolution
		HideSolutionNode = FALSE
	EndGlobalSection
	GlobalSection(ExtensibilityGlobals) = postSolution
		SolutionGuid = {B0AD2191-BDE6-40D3-9E96-19C8E33E1992}
	EndGlobalSection
EndGlobal
